
Microsoft Visual Studio Solution File, Format Version 12.00
# Visual Studio 15
VisualStudioVersion = 15.0.27703.2035
MinimumVisualStudioVersion = 10.0.40219.1
Project("{FAE04EC0-301F-11D3-BF4B-00C04F79EFBC}") = "sclib", "sclib\sclib.csproj", "{9DC462A5-DED7-468C-B53C-5A0D59C7DC21}"
EndProject
Global
	GlobalSection(SolutionConfigurationPlatforms) = preSolution
		Debug|Any CPU = Debug|Any CPU
		Release|Any CPU = Release|Any CPU
	EndGlobalSection
	GlobalSection(ProjectConfigurationPlatforms) = postSolution
		{9DC462A5-DED7-468C-B53C-5A0D59C7DC21}.Debug|Any CPU.ActiveCfg = Debug|Any CPU
		{9DC462A5-DED7-468C-B53C-5A0D59C7DC21}.Debug|Any CPU.Build.0 = Debug|Any CPU
		{9DC462A5-DED7-468C-B53C-5A0D59C7DC21}.Release|Any CPU.ActiveCfg = Release|Any CPU
		{9DC462A5-DED7-468C-B53C-5A0D59C7DC21}.Release|Any CPU.Build.0 = Release|Any CPU
	EndGlobalSection
	GlobalSection(SolutionProperties) = preSolution
		HideSolutionNode = FALSE
	EndGlobalSection
	GlobalSection(ExtensibilityGlobals) = postSolution
		SolutionGuid = {BA3DAB0C-5901-47FB-9703-9B11AED8B3E1}
	EndGlobalSection
EndGlobal
